Microsoft Visual Studio Solution File, Format Version 11.00
# Visual Studio 2008

Project("{4E587D1B-E958-7F1A-197B-5A8267087C31}") = "2D RPG Framework", "Assembly-CSharp.csproj", "{818B4DB9-67B5-6921-03AB-96719BD6AA4B}"
EndProject
Global
	GlobalSection(SolutionConfigurationPlatforms) = preSolution
		Debug|Any CPU = Debug|Any CPU
		Release|Any CPU = Release|Any CPU
	EndGlobalSection
	GlobalSection(ProjectConfigurationPlatforms) = postSolution
		{818B4DB9-67B5-6921-03AB-96719BD6AA4B}.Debug|Any CPU.ActiveCfg = Debug|Any CPU
		{818B4DB9-67B5-6921-03AB-96719BD6AA4B}.Debug|Any CPU.Build.0 = Debug|Any CPU
		{818B4DB9-67B5-6921-03AB-96719BD6AA4B}.Release|Any CPU.ActiveCfg = Release|Any CPU
		{818B4DB9-67B5-6921-03AB-96719BD6AA4B}.Release|Any CPU.Build.0 = Release|Any CPU
	EndGlobalSection
	GlobalSection(SolutionProperties) = preSolution
		HideSolutionNode = FALSE
	EndGlobalSection
	GlobalSection(MonoDevelopProperties) = preSolution
		StartupItem = Assembly-CSharp.csproj
	EndGlobalSection
EndGlobal
